PODS:
  - LookinServer/MCP (1.2.8):
    - LookinServer/Swift
  - LookinServer/Server (1.2.8)
  - LookinServer/Swift (1.2.8):
    - LookinServer/Server

DEPENDENCIES:
  - LookinServer/MCP (from `../../`)
  - LookinServer/Swift (from `../../`)

EXTERNAL SOURCES:
  LookinServer:
    :path: "../../"

SPEC CHECKSUMS:
  LookinServer: 72ce14451eb58f33831a285ab53befde9fd38999

PODFILE CHECKSUM: a3a529e4f858e64fbb134236f95026c80fe29249

COCOAPODS: 1.16.2
