PODS:
  - LookinServer/Core (1.2.8)
  - LookinServer/Swift (1.2.8):
    - LookinServer/Core

DEPENDENCIES:
  - LookinServer/Swift (from `../../`)

EXTERNAL SOURCES:
  LookinServer:
    :path: "../../"

SPEC CHECKSUMS:
  LookinServer: 8924231d5b16a0afbcf62667f4ec0c94853f7f6f

PODFILE CHECKSUM: 46caada19d34f471f9e44165d96af39e799fd091

COCOAPODS: 1.16.2
