PODS:
  - LookinServer/MCP (1.2.8):
    - LookinServer/Swift
  - LookinServer/Server (1.2.8)
  - LookinServer/Swift (1.2.8):
    - LookinServer/Server

DEPENDENCIES:
  - LookinServer/MCP (from `/Users/macbook/Work/Lookin/LookinServer`)
  - LookinServer/Swift (from `/Users/macbook/Work/Lookin/LookinServer`)

EXTERNAL SOURCES:
  LookinServer:
    :path: "/Users/macbook/Work/Lookin/LookinServer"

SPEC CHECKSUMS:
  LookinServer: 9b69dbaa3dfa102af2a824b395acf2b255be0821

PODFILE CHECKSUM: b481a69d21cecb5ce1a3b8d0e38b96d507085e78

COCOAPODS: 1.16.2
